// !$*UTF8*$!
{
	archiveVersion = 1;
	classes = {
	};
	objectVersion = 77;
	objects = {

/* Begin PBXBuildFile section */
		7FF584542D4AFDAB008E8E7F /* FirebaseAnalytics in Frameworks */ = {isa = PBXBuildFile; productRef = 7FF584532D4AFDAB008E8E7F /* FirebaseAnalytics */; };
		7FF584562D4AFDAB008E8E7F /* FirebaseAnalyticsOnDeviceConversion in Frameworks */ = {isa = PBXBuildFile; productRef = 7FF584552D4AFDAB008E8E7F /* FirebaseAnalyticsOnDeviceConversion */; };
		7FF584582D4AFDAB008E8E7F /* FirebaseAnalyticsWithoutAdIdSupport in Frameworks */ = {isa = PBXBuildFile; productRef = 7FF584572D4AFDAB008E8E7F /* FirebaseAnalyticsWithoutAdIdSupport */; };
		7FF5845A2D4AFDAB008E8E7F /* FirebaseAppCheck in Frameworks */ = {isa = PBXBuildFile; productRef = 7FF584592D4AFDAB008E8E7F /* FirebaseAppCheck */; };
		7FF5845C2D4AFDAB008E8E7F /* FirebaseAppDistribution-Beta in Frameworks */ = {isa = PBXBuildFile; productRef = 7FF5845B2D4AFDAB008E8E7F /* FirebaseAppDistribution-Beta */; };
		7FF5845E2D4AFDD7008E8E7F /* FirebaseAuth in Frameworks */ = {isa = PBXBuildFile; productRef = 7FF5845D2D4AFDD7008E8E7F /* FirebaseAuth */; };
		7FF584602D4AFDD7008E8E7F /* FirebaseAuthCombine-Community in Frameworks */ = {isa = PBXBuildFile; productRef = 7FF5845F2D4AFDD7008E8E7F /* FirebaseAuthCombine-Community */; };
		7FF584622D4AFDD7008E8E7F /* FirebaseCore in Frameworks */ = {isa = PBXBuildFile; productRef = 7FF584612D4AFDD7008E8E7F /* FirebaseCore */; };
		7FF584642D4AFDD7008E8E7F /* FirebaseFirestore in Frameworks */ = {isa = PBXBuildFile; productRef = 7FF584632D4AFDD7008E8E7F /* FirebaseFirestore */; };
		7FF584662D4AFDD7008E8E7F /* FirebaseFirestoreCombine-Community in Frameworks */ = {isa = PBXBuildFile; productRef = 7FF584652D4AFDD7008E8E7F /* FirebaseFirestoreCombine-Community */; };
		7FF584682D4AFDD7008E8E7F /* FirebaseFunctions in Frameworks */ = {isa = PBXBuildFile; productRef = 7FF584672D4AFDD7008E8E7F /* FirebaseFunctions */; };
		7FF5846A2D4AFDD7008E8E7F /* FirebaseInAppMessaging-Beta in Frameworks */ = {isa = PBXBuildFile; productRef = 7FF584692D4AFDD7008E8E7F /* FirebaseInAppMessaging-Beta */; };
		7FF5846C2D4AFDD7008E8E7F /* FirebaseMessaging in Frameworks */ = {isa = PBXBuildFile; productRef = 7FF5846B2D4AFDD7008E8E7F /* FirebaseMessaging */; };
		7FF5846E2D4AFDD7008E8E7F /* FirebaseStorage in Frameworks */ = {isa = PBXBuildFile; productRef = 7FF5846D2D4AFDD7008E8E7F /* FirebaseStorage */; };
/* End PBXBuildFile section */

/* Begin PBXContainerItemProxy section */
		7FF5841D2D4ACFC4008E8E7F /* PBXContainerItemProxy */ = {
			isa = PBXContainerItemProxy;
			containerPortal = 7FF584042D4ACFC3008E8E7F /* Project object */;
			proxyType = 1;
			remoteGlobalIDString = 7FF5840B2D4ACFC3008E8E7F;
			remoteInfo = connectED;
		};
		7FF584272D4ACFC4008E8E7F /* PBXContainerItemProxy */ = {
			isa = PBXContainerItemProxy;
			containerPortal = 7FF584042D4ACFC3008E8E7F /* Project object */;
			proxyType = 1;
			remoteGlobalIDString = 7FF5840B2D4ACFC3008E8E7F;
			remoteInfo = connectED;
		};
/* End PBXContainerItemProxy section */

/* Begin PBXFileReference section */
		7FF5840C2D4ACFC3008E8E7F /* connectED.app */ = {isa = PBXFileReference; explicitFileType = wrapper.application; includeInIndex = 0; path = connectED.app; sourceTree = BUILT_PRODUCTS_DIR; };
		7FF5841C2D4ACFC4008E8E7F /* connectEDTests.xctest */ = {isa = PBXFileReference; explicitFileType = wrapper.cfbundle; includeInIndex = 0; path = connectEDTests.xctest; sourceTree = BUILT_PRODUCTS_DIR; };
		7FF584262D4ACFC4008E8E7F /* connectEDUITests.xctest */ = {isa = PBXFileReference; explicitFileType = wrapper.cfbundle; includeInIndex = 0; path = connectEDUITests.xctest; sourceTree = BUILT_PRODUCTS_DIR; };
/* End PBXFileReference section */

/* Begin PBXFileSystemSynchronizedRootGroup section */
		7FF5840E2D4ACFC3008E8E7F /* connectED */ = {
			isa = PBXFileSystemSynchronizedRootGroup;
			path = connectED;
			sourceTree = "<group>";
		};
		7FF5841F2D4ACFC4008E8E7F /* connectEDTests */ = {
			isa = PBXFileSystemSynchronizedRootGroup;
			path = connectEDTests;
			sourceTree = "<group>";
		};
		7FF584292D4ACFC4008E8E7F /* connectEDUITests */ = {
			isa = PBXFileSystemSynchronizedRootGroup;
			path = connectEDUITests;
			sourceTree = "<group>";
		};
/* End PBXFileSystemSynchronizedRootGroup section */

/* Begin PBXFrameworksBuildPhase section */
		7FF584092D4ACFC3008E8E7F /* Frameworks */ = {
			isa = PBXFrameworksBuildPhase;
			buildActionMask = 2147483647;
			files = (
				7FF5845A2D4AFDAB008E8E7F /* FirebaseAppCheck in Frameworks */,
				7FF5845E2D4AFDD7008E8E7F /* FirebaseAuth in Frameworks */,
				7FF584542D4AFDAB008E8E7F /* FirebaseAnalytics in Frameworks */,
				7FF584662D4AFDD7008E8E7F /* FirebaseFirestoreCombine-Community in Frameworks */,
				7FF5845C2D4AFDAB008E8E7F /* FirebaseAppDistribution-Beta in Frameworks */,
				7FF584582D4AFDAB008E8E7F /* FirebaseAnalyticsWithoutAdIdSupport in Frameworks */,
				7FF584642D4AFDD7008E8E7F /* FirebaseFirestore in Frameworks */,
				7FF584602D4AFDD7008E8E7F /* FirebaseAuthCombine-Community in Frameworks */,
				7FF5846C2D4AFDD7008E8E7F /* FirebaseMessaging in Frameworks */,
				7FF584622D4AFDD7008E8E7F /* FirebaseCore in Frameworks */,
				7FF584682D4AFDD7008E8E7F /* FirebaseFunctions in Frameworks */,
				7FF5846E2D4AFDD7008E8E7F /* FirebaseStorage in Frameworks */,
				7FF584562D4AFDAB008E8E7F /* FirebaseAnalyticsOnDeviceConversion in Frameworks */,
				7FF5846A2D4AFDD7008E8E7F /* FirebaseInAppMessaging-Beta in Frameworks */,
			);
			runOnlyForDeploymentPostprocessing = 0;
		};
		7FF584192D4ACFC4008E8E7F /* Frameworks */ = {
			isa = PBXFrameworksBuildPhase;
			buildActionMask = 2147483647;
			files = (
			);
			runOnlyForDeploymentPostprocessing = 0;
		};
		7FF584232D4ACFC4008E8E7F /* Frameworks */ = {
			isa = PBXFrameworksBuildPhase;
			buildActionMask = 2147483647;
			files = (
			);
			runOnlyForDeploymentPostprocessing = 0;
		};
/* End PBXFrameworksBuildPhase section */

/* Begin PBXGroup section */
		7FF584032D4ACFC3008E8E7F = {
			isa = PBXGroup;
			children = (
				7FF5840E2D4ACFC3008E8E7F /* connectED */,
				7FF5841F2D4ACFC4008E8E7F /* connectEDTests */,
				7FF584292D4ACFC4008E8E7F /* connectEDUITests */,
				7FF5840D2D4ACFC3008E8E7F /* Products */,
			);
			sourceTree = "<group>";
		};
		7FF5840D2D4ACFC3008E8E7F /* Products */ = {
			isa = PBXGroup;
			children = (
				7FF5840C2D4ACFC3008E8E7F /* connectED.app */,
				7FF5841C2D4ACFC4008E8E7F /* connectEDTests.xctest */,
				7FF584262D4ACFC4008E8E7F /* connectEDUITests.xctest */,
			);
			name = Products;
			sourceTree = "<group>";
		};
/* End PBXGroup section */

/* Begin PBXNativeTarget section */
		7FF5840B2D4ACFC3008E8E7F /* connectED */ = {
			isa = PBXNativeTarget;
			buildConfigurationList = 7FF584302D4ACFC4008E8E7F /* Build configuration list for PBXNativeTarget "connectED" */;
			buildPhases = (
				7FF584082D4ACFC3008E8E7F /* Sources */,
				7FF584092D4ACFC3008E8E7F /* Frameworks */,
				7FF5840A2D4ACFC3008E8E7F /* Resources */,
			);
			buildRules = (
			);
			dependencies = (
			);
			fileSystemSynchronizedGroups = (
				7FF5840E2D4ACFC3008E8E7F /* connectED */,
			);
			name = connectED;
			packageProductDependencies = (
				7FF584532D4AFDAB008E8E7F /* FirebaseAnalytics */,
				7FF584552D4AFDAB008E8E7F /* FirebaseAnalyticsOnDeviceConversion */,
				7FF584572D4AFDAB008E8E7F /* FirebaseAnalyticsWithoutAdIdSupport */,
				7FF584592D4AFDAB008E8E7F /* FirebaseAppCheck */,
				7FF5845B2D4AFDAB008E8E7F /* FirebaseAppDistribution-Beta */,
				7FF5845D2D4AFDD7008E8E7F /* FirebaseAuth */,
				7FF5845F2D4AFDD7008E8E7F /* FirebaseAuthCombine-Community */,
				7FF584612D4AFDD7008E8E7F /* FirebaseCore */,
				7FF584632D4AFDD7008E8E7F /* FirebaseFirestore */,
				7FF584652D4AFDD7008E8E7F /* FirebaseFirestoreCombine-Community */,
				7FF584672D4AFDD7008E8E7F /* FirebaseFunctions */,
				7FF584692D4AFDD7008E8E7F /* FirebaseInAppMessaging-Beta */,
				7FF5846B2D4AFDD7008E8E7F /* FirebaseMessaging */,
				7FF5846D2D4AFDD7008E8E7F /* FirebaseStorage */,
			);
			productName = connectED;
			productReference = 7FF5840C2D4ACFC3008E8E7F /* connectED.app */;
			productType = "com.apple.product-type.application";
		};
		7FF5841B2D4ACFC4008E8E7F /* connectEDTests */ = {
			isa = PBXNativeTarget;
			buildConfigurationList = 7FF584332D4ACFC4008E8E7F /* Build configuration list for PBXNativeTarget "connectEDTests" */;
			buildPhases = (
				7FF584182D4ACFC4008E8E7F /* Sources */,
				7FF584192D4ACFC4008E8E7F /* Frameworks */,
				7FF5841A2D4ACFC4008E8E7F /* Resources */,
			);
			buildRules = (
			);
			dependencies = (
				7FF5841E2D4ACFC4008E8E7F /* PBXTargetDependency */,
			);
			fileSystemSynchronizedGroups = (
				7FF5841F2D4ACFC4008E8E7F /* connectEDTests */,
			);
			name = connectEDTests;
			packageProductDependencies = (
			);
			productName = connectEDTests;
			productReference = 7FF5841C2D4ACFC4008E8E7F /* connectEDTests.xctest */;
			productType = "com.apple.product-type.bundle.unit-test";
		};
		7FF584252D4ACFC4008E8E7F /* connectEDUITests */ = {
			isa = PBXNativeTarget;
			buildConfigurationList = 7FF584362D4ACFC4008E8E7F /* Build configuration list for PBXNativeTarget "connectEDUITests" */;
			buildPhases = (
				7FF584222D4ACFC4008E8E7F /* Sources */,
				7FF584232D4ACFC4008E8E7F /* Frameworks */,
				7FF584242D4ACFC4008E8E7F /* Resources */,
			);
			buildRules = (
			);
			dependencies = (
				7FF584282D4ACFC4008E8E7F /* PBXTargetDependency */,
			);
			fileSystemSynchronizedGroups = (
				7FF584292D4ACFC4008E8E7F /* connectEDUITests */,
			);
			name = connectEDUITests;
			packageProductDependencies = (
			);
			productName = connectEDUITests;
			productReference = 7FF584262D4ACFC4008E8E7F /* connectEDUITests.xctest */;
			productType = "com.apple.product-type.bundle.ui-testing";
		};
/* End PBXNativeTarget section */

/* Begin PBXProject section */
		7FF584042D4ACFC3008E8E7F /* Project object */ = {
			isa = PBXProject;
			attributes = {
				BuildIndependentTargetsInParallel = 1;
				LastSwiftUpdateCheck = 1620;
				LastUpgradeCheck = 1620;
				TargetAttributes = {
					7FF5840B2D4ACFC3008E8E7F = {
						CreatedOnToolsVersion = 16.2;
					};
					7FF5841B2D4ACFC4008E8E7F = {
						CreatedOnToolsVersion = 16.2;
						TestTargetID = 7FF5840B2D4ACFC3008E8E7F;
					};
					7FF584252D4ACFC4008E8E7F = {
						CreatedOnToolsVersion = 16.2;
						TestTargetID = 7FF5840B2D4ACFC3008E8E7F;
					};
				};
			};
			buildConfigurationList = 7FF584072D4ACFC3008E8E7F /* Build configuration list for PBXProject "connectED" */;
			developmentRegion = en;
			hasScannedForEncodings = 0;
			knownRegions = (
				en,
				Base,
			);
			mainGroup = 7FF584032D4ACFC3008E8E7F;
			minimizedProjectReferenceProxies = 1;
			packageReferences = (
				7FF584522D4AFCCA008E8E7F /* XCRemoteSwiftPackageReference "firebase-ios-sdk" */,
			);
			preferredProjectObjectVersion = 77;
			productRefGroup = 7FF5840D2D4ACFC3008E8E7F /* Products */;
			projectDirPath = "";
			projectRoot = "";
			targets = (
				7FF5840B2D4ACFC3008E8E7F /* connectED */,
				7FF5841B2D4ACFC4008E8E7F /* connectEDTests */,
				7FF584252D4ACFC4008E8E7F /* connectEDUITests */,
			);
		};
/* End PBXProject section */

/* Begin PBXResourcesBuildPhase section */
		7FF5840A2D4ACFC3008E8E7F /* Resources */ = {
			isa = PBXResourcesBuildPhase;
			buildActionMask = 2147483647;
			files = (
			);
			runOnlyForDeploymentPostprocessing = 0;
		};
		7FF5841A2D4ACFC4008E8E7F /* Resources */ = {
			isa = PBXResourcesBuildPhase;
			buildActionMask = 2147483647;
			files = (
			);
			runOnlyForDeploymentPostprocessing = 0;
		};
		7FF584242D4ACFC4008E8E7F /* Resources */ = {
			isa = PBXResourcesBuildPhase;
			buildActionMask = 2147483647;
			files = (
			);
			runOnlyForDeploymentPostprocessing = 0;
		};
/* End PBXResourcesBuildPhase section */

/* Begin PBXSourcesBuildPhase section */
		7FF584082D4ACFC3008E8E7F /* Sources */ = {
			isa = PBXSourcesBuildPhase;
			buildActionMask = 2147483647;
			files = (
			);
			runOnlyForDeploymentPostprocessing = 0;
		};
		7FF584182D4ACFC4008E8E7F /* Sources */ = {
			isa = PBXSourcesBuildPhase;
			buildActionMask = 2147483647;
			files = (
			);
			runOnlyForDeploymentPostprocessing = 0;
		};
		7FF584222D4ACFC4008E8E7F /* Sources */ = {
			isa = PBXSourcesBuildPhase;
			buildActionMask = 2147483647;
			files = (
			);
			runOnlyForDeploymentPostprocessing = 0;
		};
/* End PBXSourcesBuildPhase section */

/* Begin PBXTargetDependency section */
		7FF5841E2D4ACFC4008E8E7F /* PBXTargetDependency */ = {
			isa = PBXTargetDependency;
			target = 7FF5840B2D4ACFC3008E8E7F /* connectED */;
			targetProxy = 7FF5841D2D4ACFC4008E8E7F /* PBXContainerItemProxy */;
		};
		7FF584282D4ACFC4008E8E7F /* PBXTargetDependency */ = {
			isa = PBXTargetDependency;
			target = 7FF5840B2D4ACFC3008E8E7F /* connectED */;
			targetProxy = 7FF584272D4ACFC4008E8E7F /* PBXContainerItemProxy */;
		};
/* End PBXTargetDependency section */

/* Begin XCBuildConfiguration section */
		7FF5842E2D4ACFC4008E8E7F /* Debug */ = {
			isa = XCBuildConfiguration;
			buildSettings = {
				ALWAYS_SEARCH_USER_PATHS = NO;
				ASSETCATALOG_COMPILER_GENERATE_SWIFT_ASSET_SYMBOL_EXTENSIONS = YES;
				CLANG_ANALYZER_NONNULL = YES;
				CLANG_ANALYZER_NUMBER_OBJECT_CONVERSION = YES_AGGRESSIVE;
				CLANG_CXX_LANGUAGE_STANDARD = "gnu++20";
				CLANG_ENABLE_MODULES = YES;
				CLANG_ENABLE_OBJC_ARC = YES;
				CLANG_ENABLE_OBJC_WEAK = YES;
				CLANG_WARN_BLOCK_CAPTURE_AUTORELEASING = YES;
				CLANG_WARN_BOOL_CONVERSION = YES;
				CLANG_WARN_COMMA = YES;
				CLANG_WARN_CONSTANT_CONVERSION = YES;
				CLANG_WARN_DEPRECATED_OBJC_IMPLEMENTATIONS = YES;
				CLANG_WARN_DIRECT_OBJC_ISA_USAGE = YES_ERROR;
				CLANG_WARN_DOCUMENTATION_COMMENTS = YES;
				CLANG_WARN_EMPTY_BODY = YES;
				CLANG_WARN_ENUM_CONVERSION = YES;
				CLANG_WARN_INFINITE_RECURSION = YES;
				CLANG_WARN_INT_CONVERSION = YES;
				CLANG_WARN_NON_LITERAL_NULL_CONVERSION = YES;
				CLANG_WARN_OBJC_IMPLICIT_RETAIN_SELF = YES;
				CLANG_WARN_OBJC_LITERAL_CONVERSION = YES;
				CLANG_WARN_OBJC_ROOT_CLASS = YES_ERROR;
				CLANG_WARN_QUOTED_INCLUDE_IN_FRAMEWORK_HEADER = YES;
				CLANG_WARN_RANGE_LOOP_ANALYSIS = YES;
				CLANG_WARN_STRICT_PROTOTYPES = YES;
				CLANG_WARN_SUSPICIOUS_MOVE = YES;
				CLANG_WARN_UNGUARDED_AVAILABILITY = YES_AGGRESSIVE;
				CLANG_WARN_UNREACHABLE_CODE = YES;
				CLANG_WARN__DUPLICATE_METHOD_MATCH = YES;
				COPY_PHASE_STRIP = NO;
				DEBUG_INFORMATION_FORMAT = dwarf;
				ENABLE_STRICT_OBJC_MSGSEND = YES;
				ENABLE_TESTABILITY = YES;
				ENABLE_USER_SCRIPT_SANDBOXING = YES;
				GCC_C_LANGUAGE_STANDARD = gnu17;
				GCC_DYNAMIC_NO_PIC = NO;
				GCC_NO_COMMON_BLOCKS = YES;
				GCC_OPTIMIZATION_LEVEL = 0;
				GCC_PREPROCESSOR_DEFINITIONS = (
					"DEBUG=1",
					"$(inherited)",
				);
				GCC_WARN_64_TO_32_BIT_CONVERSION = YES;
				GCC_WARN_ABOUT_RETURN_TYPE = YES_ERROR;
				GCC_WARN_UNDECLARED_SELECTOR = YES;
				GCC_WARN_UNINITIALIZED_AUTOS = YES_AGGRESSIVE;
				GCC_WARN_UNUSED_FUNCTION = YES;
				GCC_WARN_UNUSED_VARIABLE = YES;
				IPHONEOS_DEPLOYMENT_TARGET = 18.2;
				LOCALIZATION_PREFERS_STRING_CATALOGS = YES;
				MTL_ENABLE_DEBUG_INFO = INCLUDE_SOURCE;
				MTL_FAST_MATH = YES;
				ONLY_ACTIVE_ARCH = YES;
				SDKROOT = iphoneos;
				SWIFT_ACTIVE_COMPILATION_CONDITIONS = "DEBUG $(inherited)";
				SWIFT_OPTIMIZATION_LEVEL = "-Onone";
			};
			name = Debug;
		};
		7FF5842F2D4ACFC4008E8E7F /* Release */ = {
			isa = XCBuildConfiguration;
			buildSettings = {
				ALWAYS_SEARCH_USER_PATHS = NO;
				ASSETCATALOG_COMPILER_GENERATE_SWIFT_ASSET_SYMBOL_EXTENSIONS = YES;
				CLANG_ANALYZER_NONNULL = YES;
				CLANG_ANALYZER_NUMBER_OBJECT_CONVERSION = YES_AGGRESSIVE;
				CLANG_CXX_LANGUAGE_STANDARD = "gnu++20";
				CLANG_ENABLE_MODULES = YES;
				CLANG_ENABLE_OBJC_ARC = YES;
				CLANG_ENABLE_OBJC_WEAK = YES;
				CLANG_WARN_BLOCK_CAPTURE_AUTORELEASING = YES;
				CLANG_WARN_BOOL_CONVERSION = YES;
				CLANG_WARN_COMMA = YES;
				CLANG_WARN_CONSTANT_CONVERSION = YES;
				CLANG_WARN_DEPRECATED_OBJC_IMPLEMENTATIONS = YES;
				CLANG_WARN_DIRECT_OBJC_ISA_USAGE = YES_ERROR;
				CLANG_WARN_DOCUMENTATION_COMMENTS = YES;
				CLANG_WARN_EMPTY_BODY = YES;
				CLANG_WARN_ENUM_CONVERSION = YES;
				CLANG_WARN_INFINITE_RECURSION = YES;
				CLANG_WARN_INT_CONVERSION = YES;
				CLANG_WARN_NON_LITERAL_NULL_CONVERSION = YES;
				CLANG_WARN_OBJC_IMPLICIT_RETAIN_SELF = YES;
				CLANG_WARN_OBJC_LITERAL_CONVERSION = YES;
				CLANG_WARN_OBJC_ROOT_CLASS = YES_ERROR;
				CLANG_WARN_QUOTED_INCLUDE_IN_FRAMEWORK_HEADER = YES;
				CLANG_WARN_RANGE_LOOP_ANALYSIS = YES;
				CLANG_WARN_STRICT_PROTOTYPES = YES;
				CLANG_WARN_SUSPICIOUS_MOVE = YES;
				CLANG_WARN_UNGUARDED_AVAILABILITY = YES_AGGRESSIVE;
				CLANG_WARN_UNREACHABLE_CODE = YES;
				CLANG_WARN__DUPLICATE_METHOD_MATCH = YES;
				COPY_PHASE_STRIP = NO;
				DEBUG_INFORMATION_FORMAT = "dwarf-with-dsym";
				ENABLE_NS_ASSERTIONS = NO;
				ENABLE_STRICT_OBJC_MSGSEND = YES;
				ENABLE_USER_SCRIPT_SANDBOXING = YES;
				GCC_C_LANGUAGE_STANDARD = gnu17;
				GCC_NO_COMMON_BLOCKS = YES;
				GCC_WARN_64_TO_32_BIT_CONVERSION = YES;
				GCC_WARN_ABOUT_RETURN_TYPE = YES_ERROR;
				GCC_WARN_UNDECLARED_SELECTOR = YES;
				GCC_WARN_UNINITIALIZED_AUTOS = YES_AGGRESSIVE;
				GCC_WARN_UNUSED_FUNCTION = YES;
				GCC_WARN_UNUSED_VARIABLE = YES;
				IPHONEOS_DEPLOYMENT_TARGET = 18.2;
				LOCALIZATION_PREFERS_STRING_CATALOGS = YES;
				MTL_ENABLE_DEBUG_INFO = NO;
				MTL_FAST_MATH = YES;
				SDKROOT = iphoneos;
				SWIFT_COMPILATION_MODE = wholemodule;
				VALIDATE_PRODUCT = YES;
			};
			name = Release;
		};
		7FF584312D4ACFC4008E8E7F /* Debug */ = {
			isa = XCBuildConfiguration;
			buildSettings = {
				ASSETCATALOG_COMPILER_APPICON_NAME = AppIcon;
				ASSETCATALOG_COMPILER_GLOBAL_ACCENT_COLOR_NAME = AccentColor;
				CODE_SIGN_STYLE = Automatic;
				CURRENT_PROJECT_VERSION = 1;
				DEVELOPMENT_ASSET_PATHS = "\"connectED/Preview Content\"";
				ENABLE_PREVIEWS = YES;
				GENERATE_INFOPLIST_FILE = YES;
				INFOPLIST_KEY_UIApplicationSceneManifest_Generation = YES;
				INFOPLIST_KEY_UIApplicationSupportsIndirectInputEvents = YES;
				INFOPLIST_KEY_UILaunchScreen_Generation = YES;
				INFOPLIST_KEY_UISupportedInterfaceOrientations_iPad = "UIInterfaceOrientationPortrait UIInterfaceOrientationPortraitUpsideDown UIInterfaceOrientationLandscapeLeft UIInterfaceOrientationLandscapeRight";
				INFOPLIST_KEY_UISupportedInterfaceOrientations_iPhone = "UIInterfaceOrientationPortrait UIInterfaceOrientationLandscapeLeft UIInterfaceOrientationLandscapeRight";
				IPHONEOS_DEPLOYMENT_TARGET = 18.2;
				LD_RUNPATH_SEARCH_PATHS = (
					"$(inherited)",
					"@executable_path/Frameworks",
				);
				MARKETING_VERSION = 1.0;
				PRODUCT_BUNDLE_IDENTIFIER = com.FrankSchweitzer.connectED;
				PRODUCT_NAME = "$(TARGET_NAME)";
				SWIFT_EMIT_LOC_STRINGS = YES;
				SWIFT_VERSION = 5.0;
				TARGETED_DEVICE_FAMILY = "1,2";
			};
			name = Debug;
		};
		7FF584322D4ACFC4008E8E7F /* Release */ = {
			isa = XCBuildConfiguration;
			buildSettings = {
				ASSETCATALOG_COMPILER_APPICON_NAME = AppIcon;
				ASSETCATALOG_COMPILER_GLOBAL_ACCENT_COLOR_NAME = AccentColor;
				CODE_SIGN_STYLE = Automatic;
				CURRENT_PROJECT_VERSION = 1;
				DEVELOPMENT_ASSET_PATHS = "\"connectED/Preview Content\"";
				ENABLE_PREVIEWS = YES;
				GENERATE_INFOPLIST_FILE = YES;
				INFOPLIST_KEY_UIApplicationSceneManifest_Generation = YES;
				INFOPLIST_KEY_UIApplicationSupportsIndirectInputEvents = YES;
				INFOPLIST_KEY_UILaunchScreen_Generation = YES;
				INFOPLIST_KEY_UISupportedInterfaceOrientations_iPad = "UIInterfaceOrientationPortrait UIInterfaceOrientationPortraitUpsideDown UIInterfaceOrientationLandscapeLeft UIInterfaceOrientationLandscapeRight";
				INFOPLIST_KEY_UISupportedInterfaceOrientations_iPhone = "UIInterfaceOrientationPortrait UIInterfaceOrientationLandscapeLeft UIInterfaceOrientationLandscapeRight";
				IPHONEOS_DEPLOYMENT_TARGET = 18.2;
				LD_RUNPATH_SEARCH_PATHS = (
					"$(inherited)",
					"@executable_path/Frameworks",
				);
				MARKETING_VERSION = 1.0;
				PRODUCT_BUNDLE_IDENTIFIER = com.FrankSchweitzer.connectED;
				PRODUCT_NAME = "$(TARGET_NAME)";
				SWIFT_EMIT_LOC_STRINGS = YES;
				SWIFT_VERSION = 5.0;
				TARGETED_DEVICE_FAMILY = "1,2";
			};
			name = Release;
		};
		7FF584342D4ACFC4008E8E7F /* Debug */ = {
			isa = XCBuildConfiguration;
			buildSettings = {
				BUNDLE_LOADER = "$(TEST_HOST)";
				CODE_SIGN_STYLE = Automatic;
				CURRENT_PROJECT_VERSION = 1;
				GENERATE_INFOPLIST_FILE = YES;
				IPHONEOS_DEPLOYMENT_TARGET = 18.2;
				MARKETING_VERSION = 1.0;
				PRODUCT_BUNDLE_IDENTIFIER = com.FrankSchweitzer.connectEDTests;
				PRODUCT_NAME = "$(TARGET_NAME)";
				SWIFT_EMIT_LOC_STRINGS = NO;
				SWIFT_VERSION = 5.0;
				TARGETED_DEVICE_FAMILY = "1,2";
				TEST_HOST = "$(BUILT_PRODUCTS_DIR)/connectED.app/$(BUNDLE_EXECUTABLE_FOLDER_PATH)/connectED";
			};
			name = Debug;
		};
		7FF584352D4ACFC4008E8E7F /* Release */ = {
			isa = XCBuildConfiguration;
			buildSettings = {
				BUNDLE_LOADER = "$(TEST_HOST)";
				CODE_SIGN_STYLE = Automatic;
				CURRENT_PROJECT_VERSION = 1;
				GENERATE_INFOPLIST_FILE = YES;
				IPHONEOS_DEPLOYMENT_TARGET = 18.2;
				MARKETING_VERSION = 1.0;
				PRODUCT_BUNDLE_IDENTIFIER = com.FrankSchweitzer.connectEDTests;
				PRODUCT_NAME = "$(TARGET_NAME)";
				SWIFT_EMIT_LOC_STRINGS = NO;
				SWIFT_VERSION = 5.0;
				TARGETED_DEVICE_FAMILY = "1,2";
				TEST_HOST = "$(BUILT_PRODUCTS_DIR)/connectED.app/$(BUNDLE_EXECUTABLE_FOLDER_PATH)/connectED";
			};
			name = Release;
		};
		7FF584372D4ACFC4008E8E7F /* Debug */ = {
			isa = XCBuildConfiguration;
			buildSettings = {
				CODE_SIGN_STYLE = Automatic;
				CURRENT_PROJECT_VERSION = 1;
				GENERATE_INFOPLIST_FILE = YES;
				MARKETING_VERSION = 1.0;
				PRODUCT_BUNDLE_IDENTIFIER = com.FrankSchweitzer.connectEDUITests;
				PRODUCT_NAME = "$(TARGET_NAME)";
				SWIFT_EMIT_LOC_STRINGS = NO;
				SWIFT_VERSION = 5.0;
				TARGETED_DEVICE_FAMILY = "1,2";
				TEST_TARGET_NAME = connectED;
			};
			name = Debug;
		};
		7FF584382D4ACFC4008E8E7F /* Release */ = {
			isa = XCBuildConfiguration;
			buildSettings = {
				CODE_SIGN_STYLE = Automatic;
				CURRENT_PROJECT_VERSION = 1;
				GENERATE_INFOPLIST_FILE = YES;
				MARKETING_VERSION = 1.0;
				PRODUCT_BUNDLE_IDENTIFIER = com.FrankSchweitzer.connectEDUITests;
				PRODUCT_NAME = "$(TARGET_NAME)";
				SWIFT_EMIT_LOC_STRINGS = NO;
				SWIFT_VERSION = 5.0;
				TARGETED_DEVICE_FAMILY = "1,2";
				TEST_TARGET_NAME = connectED;
			};
			name = Release;
		};
/* End XCBuildConfiguration section */

/* Begin XCConfigurationList section */
		7FF584072D4ACFC3008E8E7F /* Build configuration list for PBXProject "connectED" */ = {
			isa = XCConfigurationList;
			buildConfigurations = (
				7FF5842E2D4ACFC4008E8E7F /* Debug */,
				7FF5842F2D4ACFC4008E8E7F /* Release */,
			);
			defaultConfigurationIsVisible = 0;
			defaultConfigurationName = Release;
		};
		7FF584302D4ACFC4008E8E7F /* Build configuration list for PBXNativeTarget "connectED" */ = {
			isa = XCConfigurationList;
			buildConfigurations = (
				7FF584312D4ACFC4008E8E7F /* Debug */,
				7FF584322D4ACFC4008E8E7F /* Release */,
			);
			defaultConfigurationIsVisible = 0;
			defaultConfigurationName = Release;
		};
		7FF584332D4ACFC4008E8E7F /* Build configuration list for PBXNativeTarget "connectEDTests" */ = {
			isa = XCConfigurationList;
			buildConfigurations = (
				7FF584342D4ACFC4008E8E7F /* Debug */,
				7FF584352D4ACFC4008E8E7F /* Release */,
			);
			defaultConfigurationIsVisible = 0;
			defaultConfigurationName = Release;
		};
		7FF584362D4ACFC4008E8E7F /* Build configuration list for PBXNativeTarget "connectEDUITests" */ = {
			isa = XCConfigurationList;
			buildConfigurations = (
				7FF584372D4ACFC4008E8E7F /* Debug */,
				7FF584382D4ACFC4008E8E7F /* Release */,
			);
			defaultConfigurationIsVisible = 0;
			defaultConfigurationName = Release;
		};
/* End XCConfigurationList section */

/* Begin XCRemoteSwiftPackageReference section */
		7FF584522D4AFCCA008E8E7F /* XCRemoteSwiftPackageReference "firebase-ios-sdk" */ = {
			isa = XCRemoteSwiftPackageReference;
			repositoryURL = "https://github.com/firebase/firebase-ios-sdk.git";
			requirement = {
				kind = upToNextMajorVersion;
				minimumVersion = 11.7.0;
			};
		};
/* End XCRemoteSwiftPackageReference section */

/* Begin XCSwiftPackageProductDependency section */
		7FF584532D4AFDAB008E8E7F /* FirebaseAnalytics */ = {
			isa = XCSwiftPackageProductDependency;
			package = 7FF584522D4AFCCA008E8E7F /* XCRemoteSwiftPackageReference "firebase-ios-sdk" */;
			productName = FirebaseAnalytics;
		};
		7FF584552D4AFDAB008E8E7F /* FirebaseAnalyticsOnDeviceConversion */ = {
			isa = XCSwiftPackageProductDependency;
			package = 7FF584522D4AFCCA008E8E7F /* XCRemoteSwiftPackageReference "firebase-ios-sdk" */;
			productName = FirebaseAnalyticsOnDeviceConversion;
		};
		7FF584572D4AFDAB008E8E7F /* FirebaseAnalyticsWithoutAdIdSupport */ = {
			isa = XCSwiftPackageProductDependency;
			package = 7FF584522D4AFCCA008E8E7F /* XCRemoteSwiftPackageReference "firebase-ios-sdk" */;
			productName = FirebaseAnalyticsWithoutAdIdSupport;
		};
		7FF584592D4AFDAB008E8E7F /* FirebaseAppCheck */ = {
			isa = XCSwiftPackageProductDependency;
			package = 7FF584522D4AFCCA008E8E7F /* XCRemoteSwiftPackageReference "firebase-ios-sdk" */;
			productName = FirebaseAppCheck;
		};
		7FF5845B2D4AFDAB008E8E7F /* FirebaseAppDistribution-Beta */ = {
			isa = XCSwiftPackageProductDependency;
			package = 7FF584522D4AFCCA008E8E7F /* XCRemoteSwiftPackageReference "firebase-ios-sdk" */;
			productName = "FirebaseAppDistribution-Beta";
		};
		7FF5845D2D4AFDD7008E8E7F /* FirebaseAuth */ = {
			isa = XCSwiftPackageProductDependency;
			package = 7FF584522D4AFCCA008E8E7F /* XCRemoteSwiftPackageReference "firebase-ios-sdk" */;
			productName = FirebaseAuth;
		};
		7FF5845F2D4AFDD7008E8E7F /* FirebaseAuthCombine-Community */ = {
			isa = XCSwiftPackageProductDependency;
			package = 7FF584522D4AFCCA008E8E7F /* XCRemoteSwiftPackageReference "firebase-ios-sdk" */;
			productName = "FirebaseAuthCombine-Community";
		};
		7FF584612D4AFDD7008E8E7F /* FirebaseCore */ = {
			isa = XCSwiftPackageProductDependency;
			package = 7FF584522D4AFCCA008E8E7F /* XCRemoteSwiftPackageReference "firebase-ios-sdk" */;
			productName = FirebaseCore;
		};
		7FF584632D4AFDD7008E8E7F /* FirebaseFirestore */ = {
			isa = XCSwiftPackageProductDependency;
			package = 7FF584522D4AFCCA008E8E7F /* XCRemoteSwiftPackageReference "firebase-ios-sdk" */;
			productName = FirebaseFirestore;
		};
		7FF584652D4AFDD7008E8E7F /* FirebaseFirestoreCombine-Community */ = {
			isa = XCSwiftPackageProductDependency;
			package = 7FF584522D4AFCCA008E8E7F /* XCRemoteSwiftPackageReference "firebase-ios-sdk" */;
			productName = "FirebaseFirestoreCombine-Community";
		};
		7FF584672D4AFDD7008E8E7F /* FirebaseFunctions */ = {
			isa = XCSwiftPackageProductDependency;
			package = 7FF584522D4AFCCA008E8E7F /* XCRemoteSwiftPackageReference "firebase-ios-sdk" */;
			productName = FirebaseFunctions;
		};
		7FF584692D4AFDD7008E8E7F /* FirebaseInAppMessaging-Beta */ = {
			isa = XCSwiftPackageProductDependency;
			package = 7FF584522D4AFCCA008E8E7F /* XCRemoteSwiftPackageReference "firebase-ios-sdk" */;
			productName = "FirebaseInAppMessaging-Beta";
		};
		7FF5846B2D4AFDD7008E8E7F /* FirebaseMessaging */ = {
			isa = XCSwiftPackageProductDependency;
			package = 7FF584522D4AFCCA008E8E7F /* XCRemoteSwiftPackageReference "firebase-ios-sdk" */;
			productName = FirebaseMessaging;
		};
		7FF5846D2D4AFDD7008E8E7F /* FirebaseStorage */ = {
			isa = XCSwiftPackageProductDependency;
			package = 7FF584522D4AFCCA008E8E7F /* XCRemoteSwiftPackageReference "firebase-ios-sdk" */;
			productName = FirebaseStorage;
		};
/* End XCSwiftPackageProductDependency section */
	};
	rootObject = 7FF584042D4ACFC3008E8E7F /* Project object */;
}
